
Microsoft Visual Studio Solution File, Format Version 12.00
# Visual Studio Version 17
VisualStudioVersion = 17.5.002.0
MinimumVisualStudioVersion = 10.0.40219.1
Project("{9A19103F-16F7-4668-BE54-9A1E7A4F7556}") = "dotnet-practice", "dotnet-practice.csproj", "{3D814A5C-EE2E-42F4-8CC9-E456C8737EE1}"
EndProject
Global
	GlobalSection(SolutionConfigurationPlatforms) = preSolution
		Debug|Any CPU = Debug|Any CPU
		Release|Any CPU = Release|Any CPU
	EndGlobalSection
	GlobalSection(ProjectConfigurationPlatforms) = postSolution
		{3D814A5C-EE2E-42F4-8CC9-E456C8737EE1}.Debug|Any CPU.ActiveCfg = Debug|Any CPU
		{3D814A5C-EE2E-42F4-8CC9-E456C8737EE1}.Debug|Any CPU.Build.0 = Debug|Any CPU
		{3D814A5C-EE2E-42F4-8CC9-E456C8737EE1}.Release|Any CPU.ActiveCfg = Release|Any CPU
		{3D814A5C-EE2E-42F4-8CC9-E456C8737EE1}.Release|Any CPU.Build.0 = Release|Any CPU
	EndGlobalSection
	GlobalSection(SolutionProperties) = preSolution
		HideSolutionNode = FALSE
	EndGlobalSection
	GlobalSection(ExtensibilityGlobals) = postSolution
		SolutionGuid = {03A4C3D5-DD1D-4C1D-BEA9-AA58F6939CEB}
	EndGlobalSection
EndGlobal
